{
  "name": "myCapp",
  "version": "1.0.0",
  "lockfileVersion": 1,
  "requires": true,
  "dependencies": {
    "miniprogram-barrage": {
      "version": "1.0.1",
      "resolved": "https://registry.npm.taobao.org/miniprogram-barrage/download/miniprogram-barrage-1.0.1.tgz",
      "integrity": "sha1-wop157uW4gPCOCs3pPqx32b2XIc="
    },
    "weui-miniprogram": {
      "version": "0.3.0",
      "resolved": "https://registry.npm.taobao.org/weui-miniprogram/download/weui-miniprogram-0.3.0.tgz",
      "integrity": "sha1-YSS1GHvBc2ks6tFE8FcOnTvjW9g="
    }
  }
}
